
Microsoft Visual Studio Solution File, Format Version 12.00
# Visual Studio Version 16
VisualStudioVersion = 16.0.30503.244
MinimumVisualStudioVersion = 10.0.40219.1
Project("{2150E333-8FDC-42A3-9474-1A3956D46DE8}") = "01-Presentation", "01-Presentation", "{B50A1DC1-1AB2-4296-8300-D95D3135339D}"
EndProject
Project("{2150E333-8FDC-42A3-9474-1A3956D46DE8}") = "02-Application", "02-Application", "{8D17299B-B2A0-4DA0-AE6A-059E7438A4A2}"
EndProject
Project("{2150E333-8FDC-42A3-9474-1A3956D46DE8}") = "03-Service", "03-Service", "{7E55CBB7-8848-44E6-9105-86AFF480C750}"
EndProject
Project("{2150E333-8FDC-42A3-9474-1A3956D46DE8}") = "04-Domain", "04-Domain", "{58072660-A98C-481E-BB13-7C1F606D0201}"
EndProject
Project("{2150E333-8FDC-42A3-9474-1A3956D46DE8}") = "05-Infrastructure", "05-Infrastructure", "{0A09A9E0-9C06-4E93-8ADC-736554B5DAF1}"
EndProject
Project("{9A19103F-16F7-4668-BE54-9A1E7A4F7556}") = "PE.Domain.Base", "PE.Domain.Base\PE.Domain.Base.csproj", "{D643224C-F417-4FA0-8677-82CB9D61D538}"
EndProject
Project("{9A19103F-16F7-4668-BE54-9A1E7A4F7556}") = "PE.Domain.Entity", "PE.Domain.Entity\PE.Domain.Entity.csproj", "{A9C8DAE8-CBC8-4CE4-8218-5DA17BE58E30}"
EndProject
Project("{9A19103F-16F7-4668-BE54-9A1E7A4F7556}") = "PE.Infrastructure.Context", "PE.Infrastructure.Context\PE.Infrastructure.Context.csproj", "{7BE80A79-0FF9-4785-A26E-56522EB049CF}"
EndProject
Project("{9A19103F-16F7-4668-BE54-9A1E7A4F7556}") = "PE.Infrastructure.Repository", "PE.Infrastructure.Repository\PE.Infrastructure.Repository.csproj", "{FE02EDE8-FD41-4AD3-9E8E-95FB52D5F093}"
EndProject
Project("{9A19103F-16F7-4668-BE54-9A1E7A4F7556}") = "PE.Repository", "PE.Repository\PE.Repository.csproj", "{220EDD50-367F-4AAF-8965-9D8CAE79D33C}"
EndProject
Project("{9A19103F-16F7-4668-BE54-9A1E7A4F7556}") = "PE.Domain.Repository", "PE.Domain.Repository\PE.Domain.Repository.csproj", "{A08D8A0E-A5EF-489C-8762-F0E3397E3061}"
EndProject
Project("{9A19103F-16F7-4668-BE54-9A1E7A4F7556}") = "PE.Repository.Base", "PE.Repository.Base\PE.Repository.Base.csproj", "{3799AC07-26DA-41D9-93F7-4A8911892D6B}"
EndProject
Project("{9A19103F-16F7-4668-BE54-9A1E7A4F7556}") = "PE.Application.StringConnection", "PE.Application.StringConnection\PE.Application.StringConnection.csproj", "{3139D719-B6E9-4765-B905-991B07571205}"
EndProject
Project("{9A19103F-16F7-4668-BE54-9A1E7A4F7556}") = "PE.IService", "PE.IService\PE.IService.csproj", "{50F707AB-C0BE-423C-B83D-7DAE751CCB8D}"
EndProject
Project("{9A19103F-16F7-4668-BE54-9A1E7A4F7556}") = "PE.Service", "PE.Service\PE.Service.csproj", "{976F20A5-2D2D-421C-A852-A31D28AE099C}"
EndProject
Project("{9A19103F-16F7-4668-BE54-9A1E7A4F7556}") = "PE.Service.Base", "PE.Service.Base\PE.Service.Base.csproj", "{BAD32121-FF14-45A5-B98E-963D6C653FE6}"
EndProject
Project("{FAE04EC0-301F-11D3-BF4B-00C04F79EFBC}") = "PE.WebAPI", "PE.WebAPI\PE.WebAPI.csproj", "{92C6CAF4-2998-455C-ABF0-4260A368DEEF}"
EndProject
Global
	GlobalSection(SolutionConfigurationPlatforms) = preSolution
		Debug|Any CPU = Debug|Any CPU
		Release|Any CPU = Release|Any CPU
	EndGlobalSection
	GlobalSection(ProjectConfigurationPlatforms) = postSolution
		{D643224C-F417-4FA0-8677-82CB9D61D538}.Debug|Any CPU.ActiveCfg = Debug|Any CPU
		{D643224C-F417-4FA0-8677-82CB9D61D538}.Debug|Any CPU.Build.0 = Debug|Any CPU
		{D643224C-F417-4FA0-8677-82CB9D61D538}.Release|Any CPU.ActiveCfg = Release|Any CPU
		{D643224C-F417-4FA0-8677-82CB9D61D538}.Release|Any CPU.Build.0 = Release|Any CPU
		{A9C8DAE8-CBC8-4CE4-8218-5DA17BE58E30}.Debug|Any CPU.ActiveCfg = Debug|Any CPU
		{A9C8DAE8-CBC8-4CE4-8218-5DA17BE58E30}.Debug|Any CPU.Build.0 = Debug|Any CPU
		{A9C8DAE8-CBC8-4CE4-8218-5DA17BE58E30}.Release|Any CPU.ActiveCfg = Release|Any CPU
		{A9C8DAE8-CBC8-4CE4-8218-5DA17BE58E30}.Release|Any CPU.Build.0 = Release|Any CPU
		{7BE80A79-0FF9-4785-A26E-56522EB049CF}.Debug|Any CPU.ActiveCfg = Debug|Any CPU
		{7BE80A79-0FF9-4785-A26E-56522EB049CF}.Debug|Any CPU.Build.0 = Debug|Any CPU
		{7BE80A79-0FF9-4785-A26E-56522EB049CF}.Release|Any CPU.ActiveCfg = Release|Any CPU
		{7BE80A79-0FF9-4785-A26E-56522EB049CF}.Release|Any CPU.Build.0 = Release|Any CPU
		{FE02EDE8-FD41-4AD3-9E8E-95FB52D5F093}.Debug|Any CPU.ActiveCfg = Debug|Any CPU
		{FE02EDE8-FD41-4AD3-9E8E-95FB52D5F093}.Debug|Any CPU.Build.0 = Debug|Any CPU
		{FE02EDE8-FD41-4AD3-9E8E-95FB52D5F093}.Release|Any CPU.ActiveCfg = Release|Any CPU
		{FE02EDE8-FD41-4AD3-9E8E-95FB52D5F093}.Release|Any CPU.Build.0 = Release|Any CPU
		{220EDD50-367F-4AAF-8965-9D8CAE79D33C}.Debug|Any CPU.ActiveCfg = Debug|Any CPU
		{220EDD50-367F-4AAF-8965-9D8CAE79D33C}.Debug|Any CPU.Build.0 = Debug|Any CPU
		{220EDD50-367F-4AAF-8965-9D8CAE79D33C}.Release|Any CPU.ActiveCfg = Release|Any CPU
		{220EDD50-367F-4AAF-8965-9D8CAE79D33C}.Release|Any CPU.Build.0 = Release|Any CPU
		{A08D8A0E-A5EF-489C-8762-F0E3397E3061}.Debug|Any CPU.ActiveCfg = Debug|Any CPU
		{A08D8A0E-A5EF-489C-8762-F0E3397E3061}.Debug|Any CPU.Build.0 = Debug|Any CPU
		{A08D8A0E-A5EF-489C-8762-F0E3397E3061}.Release|Any CPU.ActiveCfg = Release|Any CPU
		{A08D8A0E-A5EF-489C-8762-F0E3397E3061}.Release|Any CPU.Build.0 = Release|Any CPU
		{3799AC07-26DA-41D9-93F7-4A8911892D6B}.Debug|Any CPU.ActiveCfg = Debug|Any CPU
		{3799AC07-26DA-41D9-93F7-4A8911892D6B}.Debug|Any CPU.Build.0 = Debug|Any CPU
		{3799AC07-26DA-41D9-93F7-4A8911892D6B}.Release|Any CPU.ActiveCfg = Release|Any CPU
		{3799AC07-26DA-41D9-93F7-4A8911892D6B}.Release|Any CPU.Build.0 = Release|Any CPU
		{3139D719-B6E9-4765-B905-991B07571205}.Debug|Any CPU.ActiveCfg = Debug|Any CPU
		{3139D719-B6E9-4765-B905-991B07571205}.Debug|Any CPU.Build.0 = Debug|Any CPU
		{3139D719-B6E9-4765-B905-991B07571205}.Release|Any CPU.ActiveCfg = Release|Any CPU
		{3139D719-B6E9-4765-B905-991B07571205}.Release|Any CPU.Build.0 = Release|Any CPU
		{50F707AB-C0BE-423C-B83D-7DAE751CCB8D}.Debug|Any CPU.ActiveCfg = Debug|Any CPU
		{50F707AB-C0BE-423C-B83D-7DAE751CCB8D}.Debug|Any CPU.Build.0 = Debug|Any CPU
		{50F707AB-C0BE-423C-B83D-7DAE751CCB8D}.Release|Any CPU.ActiveCfg = Release|Any CPU
		{50F707AB-C0BE-423C-B83D-7DAE751CCB8D}.Release|Any CPU.Build.0 = Release|Any CPU
		{976F20A5-2D2D-421C-A852-A31D28AE099C}.Debug|Any CPU.ActiveCfg = Debug|Any CPU
		{976F20A5-2D2D-421C-A852-A31D28AE099C}.Debug|Any CPU.Build.0 = Debug|Any CPU
		{976F20A5-2D2D-421C-A852-A31D28AE099C}.Release|Any CPU.ActiveCfg = Release|Any CPU
		{976F20A5-2D2D-421C-A852-A31D28AE099C}.Release|Any CPU.Build.0 = Release|Any CPU
		{BAD32121-FF14-45A5-B98E-963D6C653FE6}.Debug|Any CPU.ActiveCfg = Debug|Any CPU
		{BAD32121-FF14-45A5-B98E-963D6C653FE6}.Debug|Any CPU.Build.0 = Debug|Any CPU
		{BAD32121-FF14-45A5-B98E-963D6C653FE6}.Release|Any CPU.ActiveCfg = Release|Any CPU
		{BAD32121-FF14-45A5-B98E-963D6C653FE6}.Release|Any CPU.Build.0 = Release|Any CPU
		{92C6CAF4-2998-455C-ABF0-4260A368DEEF}.Debug|Any CPU.ActiveCfg = Debug|Any CPU
		{92C6CAF4-2998-455C-ABF0-4260A368DEEF}.Debug|Any CPU.Build.0 = Debug|Any CPU
		{92C6CAF4-2998-455C-ABF0-4260A368DEEF}.Release|Any CPU.ActiveCfg = Release|Any CPU
		{92C6CAF4-2998-455C-ABF0-4260A368DEEF}.Release|Any CPU.Build.0 = Release|Any CPU
	EndGlobalSection
	GlobalSection(SolutionProperties) = preSolution
		HideSolutionNode = FALSE
	EndGlobalSection
	GlobalSection(NestedProjects) = preSolution
		{D643224C-F417-4FA0-8677-82CB9D61D538} = {58072660-A98C-481E-BB13-7C1F606D0201}
		{A9C8DAE8-CBC8-4CE4-8218-5DA17BE58E30} = {58072660-A98C-481E-BB13-7C1F606D0201}
		{7BE80A79-0FF9-4785-A26E-56522EB049CF} = {0A09A9E0-9C06-4E93-8ADC-736554B5DAF1}
		{FE02EDE8-FD41-4AD3-9E8E-95FB52D5F093} = {0A09A9E0-9C06-4E93-8ADC-736554B5DAF1}
		{220EDD50-367F-4AAF-8965-9D8CAE79D33C} = {0A09A9E0-9C06-4E93-8ADC-736554B5DAF1}
		{A08D8A0E-A5EF-489C-8762-F0E3397E3061} = {58072660-A98C-481E-BB13-7C1F606D0201}
		{3799AC07-26DA-41D9-93F7-4A8911892D6B} = {58072660-A98C-481E-BB13-7C1F606D0201}
		{3139D719-B6E9-4765-B905-991B07571205} = {8D17299B-B2A0-4DA0-AE6A-059E7438A4A2}
		{50F707AB-C0BE-423C-B83D-7DAE751CCB8D} = {7E55CBB7-8848-44E6-9105-86AFF480C750}
		{976F20A5-2D2D-421C-A852-A31D28AE099C} = {7E55CBB7-8848-44E6-9105-86AFF480C750}
		{BAD32121-FF14-45A5-B98E-963D6C653FE6} = {7E55CBB7-8848-44E6-9105-86AFF480C750}
		{92C6CAF4-2998-455C-ABF0-4260A368DEEF} = {B50A1DC1-1AB2-4296-8300-D95D3135339D}
	EndGlobalSection
	GlobalSection(ExtensibilityGlobals) = postSolution
		SolutionGuid = {76390532-566A-495F-8805-39FA667A625F}
	EndGlobalSection
EndGlobal
